
Microsoft Visual Studio Solution File, Format Version 12.00
# Visual Studio Version 16
VisualStudioVersion = 16.0.29009.5
MinimumVisualStudioVersion = 10.0.40219.1
Project("{9A19103F-16F7-4668-BE54-9A1E7A4F7556}") = "MenuCreator", "MenuCreator\MenuCreator.csproj", "{BD162C1A-55F6-4CFD-8F58-529E3C6D5FE4}"
EndProject
Project("{9A19103F-16F7-4668-BE54-9A1E7A4F7556}") = "MenuCreator.Library", "MenuCreator.Library\MenuCreator.Library.csproj", "{B5D36698-2471-4C77-844F-C037A963B535}"
EndProject
Project("{FAE04EC0-301F-11D3-BF4B-00C04F79EFBC}") = "MenuCreator.Tests", "MenuCreator.Tests\MenuCreator.Tests.csproj", "{B4E48E2E-7306-43AA-9464-FA4D3B5FEEDF}"
EndProject
Global
	GlobalSection(SolutionConfigurationPlatforms) = preSolution
		Debug|Any CPU = Debug|Any CPU
		Release|Any CPU = Release|Any CPU
	EndGlobalSection
	GlobalSection(ProjectConfigurationPlatforms) = postSolution
		{BD162C1A-55F6-4CFD-8F58-529E3C6D5FE4}.Debug|Any CPU.ActiveCfg = Debug|Any CPU
		{BD162C1A-55F6-4CFD-8F58-529E3C6D5FE4}.Debug|Any CPU.Build.0 = Debug|Any CPU
		{BD162C1A-55F6-4CFD-8F58-529E3C6D5FE4}.Release|Any CPU.ActiveCfg = Release|Any CPU
		{BD162C1A-55F6-4CFD-8F58-529E3C6D5FE4}.Release|Any CPU.Build.0 = Release|Any CPU
		{B5D36698-2471-4C77-844F-C037A963B535}.Debug|Any CPU.ActiveCfg = Debug|Any CPU
		{B5D36698-2471-4C77-844F-C037A963B535}.Debug|Any CPU.Build.0 = Debug|Any CPU
		{B5D36698-2471-4C77-844F-C037A963B535}.Release|Any CPU.ActiveCfg = Release|Any CPU
		{B5D36698-2471-4C77-844F-C037A963B535}.Release|Any CPU.Build.0 = Release|Any CPU
		{B4E48E2E-7306-43AA-9464-FA4D3B5FEEDF}.Debug|Any CPU.ActiveCfg = Debug|Any CPU
		{B4E48E2E-7306-43AA-9464-FA4D3B5FEEDF}.Debug|Any CPU.Build.0 = Debug|Any CPU
		{B4E48E2E-7306-43AA-9464-FA4D3B5FEEDF}.Release|Any CPU.ActiveCfg = Release|Any CPU
		{B4E48E2E-7306-43AA-9464-FA4D3B5FEEDF}.Release|Any CPU.Build.0 = Release|Any CPU
	EndGlobalSection
	GlobalSection(SolutionProperties) = preSolution
		HideSolutionNode = FALSE
	EndGlobalSection
	GlobalSection(ExtensibilityGlobals) = postSolution
		SolutionGuid = {C7C896D2-63B8-4683-B2CC-8AF7BCD62184}
	EndGlobalSection
EndGlobal
